
Microsoft Visual Studio Solution File, Format Version 12.00
# Visual Studio Version 16
VisualStudioVersion = 16.0.30413.136
MinimumVisualStudioVersion = 10.0.40219.1
Project("{8BC9CEB8-8B4A-11D0-8D11-00A0C91BC942}") = "arrayList4", "arrayList4\arrayList4.vcxproj", "{9569E6E8-D6A1-4680-AB4F-338104AE8477}"
EndProject
Global
	GlobalSection(SolutionConfigurationPlatforms) = preSolution
		Debug|x64 = Debug|x64
		Debug|x86 = Debug|x86
		Release|x64 = Release|x64
		Release|x86 = Release|x86
	EndGlobalSection
	GlobalSection(ProjectConfigurationPlatforms) = postSolution
		{9569E6E8-D6A1-4680-AB4F-338104AE8477}.Debug|x64.ActiveCfg = Debug|x64
		{9569E6E8-D6A1-4680-AB4F-338104AE8477}.Debug|x64.Build.0 = Debug|x64
		{9569E6E8-D6A1-4680-AB4F-338104AE8477}.Debug|x86.ActiveCfg = Debug|Win32
		{9569E6E8-D6A1-4680-AB4F-338104AE8477}.Debug|x86.Build.0 = Debug|Win32
		{9569E6E8-D6A1-4680-AB4F-338104AE8477}.Release|x64.ActiveCfg = Release|x64
		{9569E6E8-D6A1-4680-AB4F-338104AE8477}.Release|x64.Build.0 = Release|x64
		{9569E6E8-D6A1-4680-AB4F-338104AE8477}.Release|x86.ActiveCfg = Release|Win32
		{9569E6E8-D6A1-4680-AB4F-338104AE8477}.Release|x86.Build.0 = Release|Win32
	EndGlobalSection
	GlobalSection(SolutionProperties) = preSolution
		HideSolutionNode = FALSE
	EndGlobalSection
	GlobalSection(ExtensibilityGlobals) = postSolution
		SolutionGuid = {37A28BC3-F1C5-4BBC-B938-9162C9C7D424}
	EndGlobalSection
EndGlobal
